
Microsoft Visual Studio Solution File, Format Version 12.00
# Visual Studio 15
VisualStudioVersion = 15.0.26124.0
MinimumVisualStudioVersion = 15.0.26124.0
Project("{2150E333-8FDC-42A3-9474-1A3956D46DE8}") = "src", "src", "{C47AF981-1025-4F52-A3A4-3DFA832DCEF2}"
EndProject
Project("{FAE04EC0-301F-11D3-BF4B-00C04F79EFBC}") = "Acme.Orders.Api", "src\Acme.Orders.Api\Acme.Orders.Api.csproj", "{C143BB6B-3BE3-458C-B11F-B87FDA4A9E48}"
EndProject
Project("{FAE04EC0-301F-11D3-BF4B-00C04F79EFBC}") = "Acme.Orders.Domain", "src\Acme.Orders.Domain\Acme.Orders.Domain.csproj", "{E68670DB-2FB8-43AB-ACE8-03A5E61D0207}"
EndProject
Project("{FAE04EC0-301F-11D3-BF4B-00C04F79EFBC}") = "Acme.Orders.Infrastructure", "src\Acme.Orders.Infrastructure\Acme.Orders.Infrastructure.csproj", "{8237D75D-D34D-4D78-B7C4-0817298BAF7F}"
EndProject
Project("{FAE04EC0-301F-11D3-BF4B-00C04F79EFBC}") = "Acme.Orders.Application", "src\Acme.Orders.Application\Acme.Orders.Application.csproj", "{EC771D57-3D57-4880-BA7D-74B8198809A6}"
EndProject
Project("{FAE04EC0-301F-11D3-BF4B-00C04F79EFBC}") = "Acme.Orders.Common", "src\Acme.Orders.Common\Acme.Orders.Common.csproj", "{A852E8F4-90B8-4AB5-8A7E-5417C7100414}"
EndProject
Project("{2150E333-8FDC-42A3-9474-1A3956D46DE8}") = "test", "test", "{9FC5810F-EE35-45E3-AF6C-96B0138E8D57}"
EndProject
Project("{FAE04EC0-301F-11D3-BF4B-00C04F79EFBC}") = "Acme.Orders.Domain.UnitTests", "test\Acme.Orders.Domain.UnitTests\Acme.Orders.Domain.UnitTests.csproj", "{A46D0A00-77B3-4A3F-A10F-6C5C6BD1C9B9}"
EndProject
Project("{FAE04EC0-301F-11D3-BF4B-00C04F79EFBC}") = "Acme.Orders.TestSdk", "test\Acme.Orders.TestSdk\Acme.Orders.TestSdk.csproj", "{653056ED-AB75-4839-8214-E308C44A15CD}"
EndProject
Project("{FAE04EC0-301F-11D3-BF4B-00C04F79EFBC}") = "Acme.Orders.Api.AcceptanceTests", "test\Acme.Orders.Api.AcceptanceTests\Acme.Orders.Api.AcceptanceTests.csproj", "{CAD6C773-84D0-43E8-B5EA-B3A3A6852708}"
EndProject
Global
	GlobalSection(SolutionConfigurationPlatforms) = preSolution
		Debug|Any CPU = Debug|Any CPU
		Debug|x64 = Debug|x64
		Debug|x86 = Debug|x86
		Release|Any CPU = Release|Any CPU
		Release|x64 = Release|x64
		Release|x86 = Release|x86
	EndGlobalSection
	GlobalSection(SolutionProperties) = preSolution
		HideSolutionNode = FALSE
	EndGlobalSection
	GlobalSection(ProjectConfigurationPlatforms) = postSolution
		{C143BB6B-3BE3-458C-B11F-B87FDA4A9E48}.Debug|Any CPU.ActiveCfg = Debug|Any CPU
		{C143BB6B-3BE3-458C-B11F-B87FDA4A9E48}.Debug|Any CPU.Build.0 = Debug|Any CPU
		{C143BB6B-3BE3-458C-B11F-B87FDA4A9E48}.Debug|x64.ActiveCfg = Debug|Any CPU
		{C143BB6B-3BE3-458C-B11F-B87FDA4A9E48}.Debug|x64.Build.0 = Debug|Any CPU
		{C143BB6B-3BE3-458C-B11F-B87FDA4A9E48}.Debug|x86.ActiveCfg = Debug|Any CPU
		{C143BB6B-3BE3-458C-B11F-B87FDA4A9E48}.Debug|x86.Build.0 = Debug|Any CPU
		{C143BB6B-3BE3-458C-B11F-B87FDA4A9E48}.Release|Any CPU.ActiveCfg = Release|Any CPU
		{C143BB6B-3BE3-458C-B11F-B87FDA4A9E48}.Release|Any CPU.Build.0 = Release|Any CPU
		{C143BB6B-3BE3-458C-B11F-B87FDA4A9E48}.Release|x64.ActiveCfg = Release|Any CPU
		{C143BB6B-3BE3-458C-B11F-B87FDA4A9E48}.Release|x64.Build.0 = Release|Any CPU
		{C143BB6B-3BE3-458C-B11F-B87FDA4A9E48}.Release|x86.ActiveCfg = Release|Any CPU
		{C143BB6B-3BE3-458C-B11F-B87FDA4A9E48}.Release|x86.Build.0 = Release|Any CPU
		{E68670DB-2FB8-43AB-ACE8-03A5E61D0207}.Debug|Any CPU.ActiveCfg = Debug|Any CPU
		{E68670DB-2FB8-43AB-ACE8-03A5E61D0207}.Debug|Any CPU.Build.0 = Debug|Any CPU
		{E68670DB-2FB8-43AB-ACE8-03A5E61D0207}.Debug|x64.ActiveCfg = Debug|Any CPU
		{E68670DB-2FB8-43AB-ACE8-03A5E61D0207}.Debug|x64.Build.0 = Debug|Any CPU
		{E68670DB-2FB8-43AB-ACE8-03A5E61D0207}.Debug|x86.ActiveCfg = Debug|Any CPU
		{E68670DB-2FB8-43AB-ACE8-03A5E61D0207}.Debug|x86.Build.0 = Debug|Any CPU
		{E68670DB-2FB8-43AB-ACE8-03A5E61D0207}.Release|Any CPU.ActiveCfg = Release|Any CPU
		{E68670DB-2FB8-43AB-ACE8-03A5E61D0207}.Release|Any CPU.Build.0 = Release|Any CPU
		{E68670DB-2FB8-43AB-ACE8-03A5E61D0207}.Release|x64.ActiveCfg = Release|Any CPU
		{E68670DB-2FB8-43AB-ACE8-03A5E61D0207}.Release|x64.Build.0 = Release|Any CPU
		{E68670DB-2FB8-43AB-ACE8-03A5E61D0207}.Release|x86.ActiveCfg = Release|Any CPU
		{E68670DB-2FB8-43AB-ACE8-03A5E61D0207}.Release|x86.Build.0 = Release|Any CPU
		{8237D75D-D34D-4D78-B7C4-0817298BAF7F}.Debug|Any CPU.ActiveCfg = Debug|Any CPU
		{8237D75D-D34D-4D78-B7C4-0817298BAF7F}.Debug|Any CPU.Build.0 = Debug|Any CPU
		{8237D75D-D34D-4D78-B7C4-0817298BAF7F}.Debug|x64.ActiveCfg = Debug|Any CPU
		{8237D75D-D34D-4D78-B7C4-0817298BAF7F}.Debug|x64.Build.0 = Debug|Any CPU
		{8237D75D-D34D-4D78-B7C4-0817298BAF7F}.Debug|x86.ActiveCfg = Debug|Any CPU
		{8237D75D-D34D-4D78-B7C4-0817298BAF7F}.Debug|x86.Build.0 = Debug|Any CPU
		{8237D75D-D34D-4D78-B7C4-0817298BAF7F}.Release|Any CPU.ActiveCfg = Release|Any CPU
		{8237D75D-D34D-4D78-B7C4-0817298BAF7F}.Release|Any CPU.Build.0 = Release|Any CPU
		{8237D75D-D34D-4D78-B7C4-0817298BAF7F}.Release|x64.ActiveCfg = Release|Any CPU
		{8237D75D-D34D-4D78-B7C4-0817298BAF7F}.Release|x64.Build.0 = Release|Any CPU
		{8237D75D-D34D-4D78-B7C4-0817298BAF7F}.Release|x86.ActiveCfg = Release|Any CPU
		{8237D75D-D34D-4D78-B7C4-0817298BAF7F}.Release|x86.Build.0 = Release|Any CPU
		{EC771D57-3D57-4880-BA7D-74B8198809A6}.Debug|Any CPU.ActiveCfg = Debug|Any CPU
		{EC771D57-3D57-4880-BA7D-74B8198809A6}.Debug|Any CPU.Build.0 = Debug|Any CPU
		{EC771D57-3D57-4880-BA7D-74B8198809A6}.Debug|x64.ActiveCfg = Debug|Any CPU
		{EC771D57-3D57-4880-BA7D-74B8198809A6}.Debug|x64.Build.0 = Debug|Any CPU
		{EC771D57-3D57-4880-BA7D-74B8198809A6}.Debug|x86.ActiveCfg = Debug|Any CPU
		{EC771D57-3D57-4880-BA7D-74B8198809A6}.Debug|x86.Build.0 = Debug|Any CPU
		{EC771D57-3D57-4880-BA7D-74B8198809A6}.Release|Any CPU.ActiveCfg = Release|Any CPU
		{EC771D57-3D57-4880-BA7D-74B8198809A6}.Release|Any CPU.Build.0 = Release|Any CPU
		{EC771D57-3D57-4880-BA7D-74B8198809A6}.Release|x64.ActiveCfg = Release|Any CPU
		{EC771D57-3D57-4880-BA7D-74B8198809A6}.Release|x64.Build.0 = Release|Any CPU
		{EC771D57-3D57-4880-BA7D-74B8198809A6}.Release|x86.ActiveCfg = Release|Any CPU
		{EC771D57-3D57-4880-BA7D-74B8198809A6}.Release|x86.Build.0 = Release|Any CPU
		{A852E8F4-90B8-4AB5-8A7E-5417C7100414}.Debug|Any CPU.ActiveCfg = Debug|Any CPU
		{A852E8F4-90B8-4AB5-8A7E-5417C7100414}.Debug|Any CPU.Build.0 = Debug|Any CPU
		{A852E8F4-90B8-4AB5-8A7E-5417C7100414}.Debug|x64.ActiveCfg = Debug|Any CPU
		{A852E8F4-90B8-4AB5-8A7E-5417C7100414}.Debug|x64.Build.0 = Debug|Any CPU
		{A852E8F4-90B8-4AB5-8A7E-5417C7100414}.Debug|x86.ActiveCfg = Debug|Any CPU
		{A852E8F4-90B8-4AB5-8A7E-5417C7100414}.Debug|x86.Build.0 = Debug|Any CPU
		{A852E8F4-90B8-4AB5-8A7E-5417C7100414}.Release|Any CPU.ActiveCfg = Release|Any CPU
		{A852E8F4-90B8-4AB5-8A7E-5417C7100414}.Release|Any CPU.Build.0 = Release|Any CPU
		{A852E8F4-90B8-4AB5-8A7E-5417C7100414}.Release|x64.ActiveCfg = Release|Any CPU
		{A852E8F4-90B8-4AB5-8A7E-5417C7100414}.Release|x64.Build.0 = Release|Any CPU
		{A852E8F4-90B8-4AB5-8A7E-5417C7100414}.Release|x86.ActiveCfg = Release|Any CPU
		{A852E8F4-90B8-4AB5-8A7E-5417C7100414}.Release|x86.Build.0 = Release|Any CPU
		{A46D0A00-77B3-4A3F-A10F-6C5C6BD1C9B9}.Debug|Any CPU.ActiveCfg = Debug|Any CPU
		{A46D0A00-77B3-4A3F-A10F-6C5C6BD1C9B9}.Debug|Any CPU.Build.0 = Debug|Any CPU
		{A46D0A00-77B3-4A3F-A10F-6C5C6BD1C9B9}.Debug|x64.ActiveCfg = Debug|Any CPU
		{A46D0A00-77B3-4A3F-A10F-6C5C6BD1C9B9}.Debug|x64.Build.0 = Debug|Any CPU
		{A46D0A00-77B3-4A3F-A10F-6C5C6BD1C9B9}.Debug|x86.ActiveCfg = Debug|Any CPU
		{A46D0A00-77B3-4A3F-A10F-6C5C6BD1C9B9}.Debug|x86.Build.0 = Debug|Any CPU
		{A46D0A00-77B3-4A3F-A10F-6C5C6BD1C9B9}.Release|Any CPU.ActiveCfg = Release|Any CPU
		{A46D0A00-77B3-4A3F-A10F-6C5C6BD1C9B9}.Release|Any CPU.Build.0 = Release|Any CPU
		{A46D0A00-77B3-4A3F-A10F-6C5C6BD1C9B9}.Release|x64.ActiveCfg = Release|Any CPU
		{A46D0A00-77B3-4A3F-A10F-6C5C6BD1C9B9}.Release|x64.Build.0 = Release|Any CPU
		{A46D0A00-77B3-4A3F-A10F-6C5C6BD1C9B9}.Release|x86.ActiveCfg = Release|Any CPU
		{A46D0A00-77B3-4A3F-A10F-6C5C6BD1C9B9}.Release|x86.Build.0 = Release|Any CPU
		{653056ED-AB75-4839-8214-E308C44A15CD}.Debug|Any CPU.ActiveCfg = Debug|Any CPU
		{653056ED-AB75-4839-8214-E308C44A15CD}.Debug|Any CPU.Build.0 = Debug|Any CPU
		{653056ED-AB75-4839-8214-E308C44A15CD}.Debug|x64.ActiveCfg = Debug|Any CPU
		{653056ED-AB75-4839-8214-E308C44A15CD}.Debug|x64.Build.0 = Debug|Any CPU
		{653056ED-AB75-4839-8214-E308C44A15CD}.Debug|x86.ActiveCfg = Debug|Any CPU
		{653056ED-AB75-4839-8214-E308C44A15CD}.Debug|x86.Build.0 = Debug|Any CPU
		{653056ED-AB75-4839-8214-E308C44A15CD}.Release|Any CPU.ActiveCfg = Release|Any CPU
		{653056ED-AB75-4839-8214-E308C44A15CD}.Release|Any CPU.Build.0 = Release|Any CPU
		{653056ED-AB75-4839-8214-E308C44A15CD}.Release|x64.ActiveCfg = Release|Any CPU
		{653056ED-AB75-4839-8214-E308C44A15CD}.Release|x64.Build.0 = Release|Any CPU
		{653056ED-AB75-4839-8214-E308C44A15CD}.Release|x86.ActiveCfg = Release|Any CPU
		{653056ED-AB75-4839-8214-E308C44A15CD}.Release|x86.Build.0 = Release|Any CPU
		{CAD6C773-84D0-43E8-B5EA-B3A3A6852708}.Debug|Any CPU.ActiveCfg = Debug|Any CPU
		{CAD6C773-84D0-43E8-B5EA-B3A3A6852708}.Debug|Any CPU.Build.0 = Debug|Any CPU
		{CAD6C773-84D0-43E8-B5EA-B3A3A6852708}.Debug|x64.ActiveCfg = Debug|Any CPU
		{CAD6C773-84D0-43E8-B5EA-B3A3A6852708}.Debug|x64.Build.0 = Debug|Any CPU
		{CAD6C773-84D0-43E8-B5EA-B3A3A6852708}.Debug|x86.ActiveCfg = Debug|Any CPU
		{CAD6C773-84D0-43E8-B5EA-B3A3A6852708}.Debug|x86.Build.0 = Debug|Any CPU
		{CAD6C773-84D0-43E8-B5EA-B3A3A6852708}.Release|Any CPU.ActiveCfg = Release|Any CPU
		{CAD6C773-84D0-43E8-B5EA-B3A3A6852708}.Release|Any CPU.Build.0 = Release|Any CPU
		{CAD6C773-84D0-43E8-B5EA-B3A3A6852708}.Release|x64.ActiveCfg = Release|Any CPU
		{CAD6C773-84D0-43E8-B5EA-B3A3A6852708}.Release|x64.Build.0 = Release|Any CPU
		{CAD6C773-84D0-43E8-B5EA-B3A3A6852708}.Release|x86.ActiveCfg = Release|Any CPU
		{CAD6C773-84D0-43E8-B5EA-B3A3A6852708}.Release|x86.Build.0 = Release|Any CPU
	EndGlobalSection
	GlobalSection(NestedProjects) = preSolution
		{C143BB6B-3BE3-458C-B11F-B87FDA4A9E48} = {C47AF981-1025-4F52-A3A4-3DFA832DCEF2}
		{E68670DB-2FB8-43AB-ACE8-03A5E61D0207} = {C47AF981-1025-4F52-A3A4-3DFA832DCEF2}
		{8237D75D-D34D-4D78-B7C4-0817298BAF7F} = {C47AF981-1025-4F52-A3A4-3DFA832DCEF2}
		{EC771D57-3D57-4880-BA7D-74B8198809A6} = {C47AF981-1025-4F52-A3A4-3DFA832DCEF2}
		{A852E8F4-90B8-4AB5-8A7E-5417C7100414} = {C47AF981-1025-4F52-A3A4-3DFA832DCEF2}
		{A46D0A00-77B3-4A3F-A10F-6C5C6BD1C9B9} = {9FC5810F-EE35-45E3-AF6C-96B0138E8D57}
		{653056ED-AB75-4839-8214-E308C44A15CD} = {9FC5810F-EE35-45E3-AF6C-96B0138E8D57}
		{CAD6C773-84D0-43E8-B5EA-B3A3A6852708} = {9FC5810F-EE35-45E3-AF6C-96B0138E8D57}
	EndGlobalSection
EndGlobal
